
Microsoft Visual Studio Solution File, Format Version 12.00
# Visual Studio 15
VisualStudioVersion = 15.0.27004.2005
MinimumVisualStudioVersion = 10.0.40219.1
Project("{FAE04EC0-301F-11D3-BF4B-00C04F79EFBC}") = "WindowsFormsApp2", "WindowsFormsApp2\WindowsFormsApp2.csproj", "{4FFDB76C-DD0B-443A-8BCD-8BAE3B00CC82}"
EndProject
Global
	GlobalSection(SolutionConfigurationPlatforms) = preSolution
		Debug|Any CPU = Debug|Any CPU
		Release|Any CPU = Release|Any CPU
	EndGlobalSection
	GlobalSection(ProjectConfigurationPlatforms) = postSolution
		{4FFDB76C-DD0B-443A-8BCD-8BAE3B00CC82}.Debug|Any CPU.ActiveCfg = Debug|Any CPU
		{4FFDB76C-DD0B-443A-8BCD-8BAE3B00CC82}.Debug|Any CPU.Build.0 = Debug|Any CPU
		{4FFDB76C-DD0B-443A-8BCD-8BAE3B00CC82}.Release|Any CPU.ActiveCfg = Release|Any CPU
		{4FFDB76C-DD0B-443A-8BCD-8BAE3B00CC82}.Release|Any CPU.Build.0 = Release|Any CPU
	EndGlobalSection
	GlobalSection(SolutionProperties) = preSolution
		HideSolutionNode = FALSE
	EndGlobalSection
	GlobalSection(ExtensibilityGlobals) = postSolution
		SolutionGuid = {433BAFEA-3176-4CDE-A190-8153AE471350}
	EndGlobalSection
EndGlobal
